
Microsoft Visual Studio Solution File, Format Version 12.00
# Visual Studio Version 16
VisualStudioVersion = 16.0.30907.101
MinimumVisualStudioVersion = 10.0.40219.1
Project("{9A19103F-16F7-4668-BE54-9A1E7A4F7556}") = "PoprawaMiW", "PoprawaMiW\PoprawaMiW.csproj", "{88048C94-0D61-40F4-BCB0-D0CD22AA014E}"
EndProject
Global
	GlobalSection(SolutionConfigurationPlatforms) = preSolution
		Debug|Any CPU = Debug|Any CPU
		Release|Any CPU = Release|Any CPU
	EndGlobalSection
	GlobalSection(ProjectConfigurationPlatforms) = postSolution
		{88048C94-0D61-40F4-BCB0-D0CD22AA014E}.Debug|Any CPU.ActiveCfg = Debug|Any CPU
		{88048C94-0D61-40F4-BCB0-D0CD22AA014E}.Debug|Any CPU.Build.0 = Debug|Any CPU
		{88048C94-0D61-40F4-BCB0-D0CD22AA014E}.Release|Any CPU.ActiveCfg = Release|Any CPU
		{88048C94-0D61-40F4-BCB0-D0CD22AA014E}.Release|Any CPU.Build.0 = Release|Any CPU
	EndGlobalSection
	GlobalSection(SolutionProperties) = preSolution
		HideSolutionNode = FALSE
	EndGlobalSection
	GlobalSection(ExtensibilityGlobals) = postSolution
		SolutionGuid = {F111A759-0DF5-4890-8284-00C58F9F4BA1}
	EndGlobalSection
EndGlobal
